
Microsoft Visual Studio Solution File, Format Version 12.00
# Visual Studio 15
VisualStudioVersion = 15.0.27130.2003
MinimumVisualStudioVersion = 10.0.40219.1
Project("{FAE04EC0-301F-11D3-BF4B-00C04F79EFBC}") = "Chatter.Android", "Chatter\Chatter.Android\Chatter.Android.csproj", "{779095A6-0AFA-45AF-AC23-08671119BF7C}"
EndProject
Project("{FAE04EC0-301F-11D3-BF4B-00C04F79EFBC}") = "Chatter.iOS", "Chatter\Chatter.iOS\Chatter.iOS.csproj", "{92F815AF-DAF6-4D1A-9FA8-A5387917BE97}"
EndProject
Project("{D954291E-2A0B-460D-934E-DC6B0785DB48}") = "Chatter", "Chatter\Chatter\Chatter.shproj", "{A0FDF5D6-D835-480C-9655-D7FD05AB2083}"
EndProject
Global
	GlobalSection(SharedMSBuildProjectFiles) = preSolution
		Chatter\Chatter\Chatter.projitems*{779095a6-0afa-45af-ac23-08671119bf7c}*SharedItemsImports = 4
		Chatter\Chatter\Chatter.projitems*{92f815af-daf6-4d1a-9fa8-a5387917be97}*SharedItemsImports = 4
		Chatter\Chatter\Chatter.projitems*{a0fdf5d6-d835-480c-9655-d7fd05ab2083}*SharedItemsImports = 13
	EndGlobalSection
	GlobalSection(SolutionConfigurationPlatforms) = preSolution
		Ad-Hoc|Any CPU = Ad-Hoc|Any CPU
		Ad-Hoc|iPhone = Ad-Hoc|iPhone
		Ad-Hoc|iPhoneSimulator = Ad-Hoc|iPhoneSimulator
		AppStore|Any CPU = AppStore|Any CPU
		AppStore|iPhone = AppStore|iPhone
		AppStore|iPhoneSimulator = AppStore|iPhoneSimulator
		Debug|Any CPU = Debug|Any CPU
		Debug|iPhone = Debug|iPhone
		Debug|iPhoneSimulator = Debug|iPhoneSimulator
		Release|Any CPU = Release|Any CPU
		Release|iPhone = Release|iPhone
		Release|iPhoneSimulator = Release|iPhoneSimulator
	EndGlobalSection
	GlobalSection(ProjectConfigurationPlatforms) = postSolution
		{779095A6-0AFA-45AF-AC23-08671119BF7C}.Ad-Hoc|Any CPU.ActiveCfg = Release|Any CPU
		{779095A6-0AFA-45AF-AC23-08671119BF7C}.Ad-Hoc|Any CPU.Build.0 = Release|Any CPU
		{779095A6-0AFA-45AF-AC23-08671119BF7C}.Ad-Hoc|Any CPU.Deploy.0 = Release|Any CPU
		{779095A6-0AFA-45AF-AC23-08671119BF7C}.Ad-Hoc|iPhone.ActiveCfg = Release|Any CPU
		{779095A6-0AFA-45AF-AC23-08671119BF7C}.Ad-Hoc|iPhone.Build.0 = Release|Any CPU
		{779095A6-0AFA-45AF-AC23-08671119BF7C}.Ad-Hoc|iPhone.Deploy.0 = Release|Any CPU
		{779095A6-0AFA-45AF-AC23-08671119BF7C}.Ad-Hoc|iPhoneSimulator.ActiveCfg = Release|Any CPU
		{779095A6-0AFA-45AF-AC23-08671119BF7C}.Ad-Hoc|iPhoneSimulator.Build.0 = Release|Any CPU
		{779095A6-0AFA-45AF-AC23-08671119BF7C}.Ad-Hoc|iPhoneSimulator.Deploy.0 = Release|Any CPU
		{779095A6-0AFA-45AF-AC23-08671119BF7C}.AppStore|Any CPU.ActiveCfg = Release|Any CPU
		{779095A6-0AFA-45AF-AC23-08671119BF7C}.AppStore|Any CPU.Build.0 = Release|Any CPU
		{779095A6-0AFA-45AF-AC23-08671119BF7C}.AppStore|Any CPU.Deploy.0 = Release|Any CPU
		{779095A6-0AFA-45AF-AC23-08671119BF7C}.AppStore|iPhone.ActiveCfg = Release|Any CPU
		{779095A6-0AFA-45AF-AC23-08671119BF7C}.AppStore|iPhone.Build.0 = Release|Any CPU
		{779095A6-0AFA-45AF-AC23-08671119BF7C}.AppStore|iPhone.Deploy.0 = Release|Any CPU
		{779095A6-0AFA-45AF-AC23-08671119BF7C}.AppStore|iPhoneSimulator.ActiveCfg = Release|Any CPU
		{779095A6-0AFA-45AF-AC23-08671119BF7C}.AppStore|iPhoneSimulator.Build.0 = Release|Any CPU
		{779095A6-0AFA-45AF-AC23-08671119BF7C}.AppStore|iPhoneSimulator.Deploy.0 = Release|Any CPU
		{779095A6-0AFA-45AF-AC23-08671119BF7C}.Debug|Any CPU.ActiveCfg = Debug|Any CPU
		{779095A6-0AFA-45AF-AC23-08671119BF7C}.Debug|Any CPU.Build.0 = Debug|Any CPU
		{779095A6-0AFA-45AF-AC23-08671119BF7C}.Debug|Any CPU.Deploy.0 = Debug|Any CPU
		{779095A6-0AFA-45AF-AC23-08671119BF7C}.Debug|iPhone.ActiveCfg = Debug|Any CPU
		{779095A6-0AFA-45AF-AC23-08671119BF7C}.Debug|iPhone.Build.0 = Debug|Any CPU
		{779095A6-0AFA-45AF-AC23-08671119BF7C}.Debug|iPhone.Deploy.0 = Debug|Any CPU
		{779095A6-0AFA-45AF-AC23-08671119BF7C}.Debug|iPhoneSimulator.ActiveCfg = Debug|Any CPU
		{779095A6-0AFA-45AF-AC23-08671119BF7C}.Debug|iPhoneSimulator.Build.0 = Debug|Any CPU
		{779095A6-0AFA-45AF-AC23-08671119BF7C}.Debug|iPhoneSimulator.Deploy.0 = Debug|Any CPU
		{779095A6-0AFA-45AF-AC23-08671119BF7C}.Release|Any CPU.ActiveCfg = Release|Any CPU
		{779095A6-0AFA-45AF-AC23-08671119BF7C}.Release|Any CPU.Build.0 = Release|Any CPU
		{779095A6-0AFA-45AF-AC23-08671119BF7C}.Release|Any CPU.Deploy.0 = Release|Any CPU
		{779095A6-0AFA-45AF-AC23-08671119BF7C}.Release|iPhone.ActiveCfg = Release|Any CPU
		{779095A6-0AFA-45AF-AC23-08671119BF7C}.Release|iPhone.Build.0 = Release|Any CPU
		{779095A6-0AFA-45AF-AC23-08671119BF7C}.Release|iPhone.Deploy.0 = Release|Any CPU
		{779095A6-0AFA-45AF-AC23-08671119BF7C}.Release|iPhoneSimulator.ActiveCfg = Release|Any CPU
		{779095A6-0AFA-45AF-AC23-08671119BF7C}.Release|iPhoneSimulator.Build.0 = Release|Any CPU
		{779095A6-0AFA-45AF-AC23-08671119BF7C}.Release|iPhoneSimulator.Deploy.0 = Release|Any CPU
		{92F815AF-DAF6-4D1A-9FA8-A5387917BE97}.Ad-Hoc|Any CPU.ActiveCfg = Ad-Hoc|iPhone
		{92F815AF-DAF6-4D1A-9FA8-A5387917BE97}.Ad-Hoc|iPhone.ActiveCfg = Ad-Hoc|iPhone
		{92F815AF-DAF6-4D1A-9FA8-A5387917BE97}.Ad-Hoc|iPhone.Build.0 = Ad-Hoc|iPhone
		{92F815AF-DAF6-4D1A-9FA8-A5387917BE97}.Ad-Hoc|iPhoneSimulator.ActiveCfg = Ad-Hoc|iPhoneSimulator
		{92F815AF-DAF6-4D1A-9FA8-A5387917BE97}.Ad-Hoc|iPhoneSimulator.Build.0 = Ad-Hoc|iPhoneSimulator
		{92F815AF-DAF6-4D1A-9FA8-A5387917BE97}.AppStore|Any CPU.ActiveCfg = AppStore|iPhone
		{92F815AF-DAF6-4D1A-9FA8-A5387917BE97}.AppStore|iPhone.ActiveCfg = AppStore|iPhone
		{92F815AF-DAF6-4D1A-9FA8-A5387917BE97}.AppStore|iPhone.Build.0 = AppStore|iPhone
		{92F815AF-DAF6-4D1A-9FA8-A5387917BE97}.AppStore|iPhoneSimulator.ActiveCfg = AppStore|iPhoneSimulator
		{92F815AF-DAF6-4D1A-9FA8-A5387917BE97}.AppStore|iPhoneSimulator.Build.0 = AppStore|iPhoneSimulator
		{92F815AF-DAF6-4D1A-9FA8-A5387917BE97}.Debug|Any CPU.ActiveCfg = Debug|iPhone
		{92F815AF-DAF6-4D1A-9FA8-A5387917BE97}.Debug|iPhone.ActiveCfg = Debug|iPhone
		{92F815AF-DAF6-4D1A-9FA8-A5387917BE97}.Debug|iPhone.Build.0 = Debug|iPhone
		{92F815AF-DAF6-4D1A-9FA8-A5387917BE97}.Debug|iPhoneSimulator.ActiveCfg = Debug|iPhoneSimulator
		{92F815AF-DAF6-4D1A-9FA8-A5387917BE97}.Debug|iPhoneSimulator.Build.0 = Debug|iPhoneSimulator
		{92F815AF-DAF6-4D1A-9FA8-A5387917BE97}.Release|Any CPU.ActiveCfg = Release|iPhone
		{92F815AF-DAF6-4D1A-9FA8-A5387917BE97}.Release|iPhone.ActiveCfg = Release|iPhone
		{92F815AF-DAF6-4D1A-9FA8-A5387917BE97}.Release|iPhone.Build.0 = Release|iPhone
		{92F815AF-DAF6-4D1A-9FA8-A5387917BE97}.Release|iPhoneSimulator.ActiveCfg = Release|iPhoneSimulator
		{92F815AF-DAF6-4D1A-9FA8-A5387917BE97}.Release|iPhoneSimulator.Build.0 = Release|iPhoneSimulator
	EndGlobalSection
	GlobalSection(SolutionProperties) = preSolution
		HideSolutionNode = FALSE
	EndGlobalSection
	GlobalSection(ExtensibilityGlobals) = postSolution
		SolutionGuid = {C3C37FC0-1E48-445F-95F9-6199CC37A414}
	EndGlobalSection
EndGlobal
